// !$*UTF8*$!
{
	archiveVersion = 1;
	classes = {
	};
	objectVersion = 46;
	objects = {

/* Begin PBXBuildFile section */
		283A6D3119D88AA9003F9DCF /* AppDelegate.swift in Sources */ = {isa = PBXBuildFile; fileRef = 283A6D3019D88AA9003F9DCF /* AppDelegate.swift */; };
		283A6D3319D88AA9003F9DCF /* ViewController.swift in Sources */ = {isa = PBXBuildFile; fileRef = 283A6D3219D88AA9003F9DCF /* ViewController.swift */; };
		283A6D3619D88AA9003F9DCF /* Main.storyboard in Resources */ = {isa = PBXBuildFile; fileRef = 283A6D3419D88AA9003F9DCF /* Main.storyboard */; };
		283A6D3819D88AA9003F9DCF /* Images.xcassets in Resources */ = {isa = PBXBuildFile; fileRef = 283A6D3719D88AA9003F9DCF /* Images.xcassets */; };
		283A6D3B19D88AA9003F9DCF /* LaunchScreen.xib in Resources */ = {isa = PBXBuildFile; fileRef = 283A6D3919D88AA9003F9DCF /* LaunchScreen.xib */; };
		283A6D4719D88AA9003F9DCF /* _9RedBalloonsTests.swift in Sources */ = {isa = PBXBuildFile; fileRef = 283A6D4619D88AA9003F9DCF /* _9RedBalloonsTests.swift */; };
/* End PBXBuildFile section */

/* Begin PBXContainerItemProxy section */
		283A6D4119D88AA9003F9DCF /* PBXContainerItemProxy */ = {
			isa = PBXContainerItemProxy;
			containerPortal = 283A6D2319D88AA9003F9DCF /* Project object */;
			proxyType = 1;
			remoteGlobalIDString = 283A6D2A19D88AA9003F9DCF;
			remoteInfo = 99RedBalloons;
		};
/* End PBXContainerItemProxy section */

/* Begin PBXFileReference section */
		283A6D2B19D88AA9003F9DCF /* 99RedBalloons.app */ = {isa = PBXFileReference; explicitFileType = wrapper.application; includeInIndex = 0; path = 99RedBalloons.app; sourceTree = BUILT_PRODUCTS_DIR; };
		283A6D2F19D88AA9003F9DCF /* Info.plist */ = {isa = PBXFileReference; lastKnownFileType = text.plist.xml; path = Info.plist; sourceTree = "<group>"; };
		283A6D3019D88AA9003F9DCF /* AppDelegate.swift */ = {isa = PBXFileReference; lastKnownFileType = sourcecode.swift; path = AppDelegate.swift; sourceTree = "<group>"; };
		283A6D3219D88AA9003F9DCF /* ViewController.swift */ = {isa = PBXFileReference; lastKnownFileType = sourcecode.swift; path = ViewController.swift; sourceTree = "<group>"; };
		283A6D3519D88AA9003F9DCF /* Base */ = {isa = PBXFileReference; lastKnownFileType = file.storyboard; name = Base; path = Base.lproj/Main.storyboard; sourceTree = "<group>"; };
		283A6D3719D88AA9003F9DCF /* Images.xcassets */ = {isa = PBXFileReference; lastKnownFileType = folder.assetcatalog; path = Images.xcassets; sourceTree = "<group>"; };
		283A6D3A19D88AA9003F9DCF /* Base */ = {isa = PBXFileReference; lastKnownFileType = file.xib; name = Base; path = Base.lproj/LaunchScreen.xib; sourceTree = "<group>"; };
		283A6D4019D88AA9003F9DCF /* 99RedBalloonsTests.xctest */ = {isa = PBXFileReference; explicitFileType = wrapper.cfbundle; includeInIndex = 0; path = 99RedBalloonsTests.xctest; sourceTree = BUILT_PRODUCTS_DIR; };
		283A6D4519D88AA9003F9DCF /* Info.plist */ = {isa = PBXFileReference; lastKnownFileType = text.plist.xml; path = Info.plist; sourceTree = "<group>"; };
		283A6D4619D88AA9003F9DCF /* _9RedBalloonsTests.swift */ = {isa = PBXFileReference; lastKnownFileType = sourcecode.swift; path = _9RedBalloonsTests.swift; sourceTree = "<group>"; };
/* End PBXFileReference section */

/* Begin PBXFrameworksBuildPhase section */
		283A6D2819D88AA9003F9DCF /* Frameworks */ = {
			isa = PBXFrameworksBuildPhase;
			buildActionMask = 2147483647;
			files = (
			);
			runOnlyForDeploymentPostprocessing = 0;
		};
		283A6D3D19D88AA9003F9DCF /* Frameworks */ = {
			isa = PBXFrameworksBuildPhase;
			buildActionMask = 2147483647;
			files = (
			);
			runOnlyForDeploymentPostprocessing = 0;
		};
/* End PBXFrameworksBuildPhase section */

/* Begin PBXGroup section */
		283A6D2219D88AA9003F9DCF = {
			isa = PBXGroup;
			children = (
				283A6D2D19D88AA9003F9DCF /* 99RedBalloons */,
				283A6D4319D88AA9003F9DCF /* 99RedBalloonsTests */,
				283A6D2C19D88AA9003F9DCF /* Products */,
			);
			sourceTree = "<group>";
		};
		283A6D2C19D88AA9003F9DCF /* Products */ = {
			isa = PBXGroup;
			children = (
				283A6D2B19D88AA9003F9DCF /* 99RedBalloons.app */,
				283A6D4019D88AA9003F9DCF /* 99RedBalloonsTests.xctest */,
			);
			name = Products;
			sourceTree = "<group>";
		};
		283A6D2D19D88AA9003F9DCF /* 99RedBalloons */ = {
			isa = PBXGroup;
			children = (
				283A6D3019D88AA9003F9DCF /* AppDelegate.swift */,
				283A6D3219D88AA9003F9DCF /* ViewController.swift */,
				283A6D3419D88AA9003F9DCF /* Main.storyboard */,
				283A6D3719D88AA9003F9DCF /* Images.xcassets */,
				283A6D3919D88AA9003F9DCF /* LaunchScreen.xib */,
				283A6D2E19D88AA9003F9DCF /* Supporting Files */,
			);
			path = 99RedBalloons;
			sourceTree = "<group>";
		};
		283A6D2E19D88AA9003F9DCF /* Supporting Files */ = {
			isa = PBXGroup;
			children = (
				283A6D2F19D88AA9003F9DCF /* Info.plist */,
			);
			name = "Supporting Files";
			sourceTree = "<group>";
		};
		283A6D4319D88AA9003F9DCF /* 99RedBalloonsTests */ = {
			isa = PBXGroup;
			children = (
				283A6D4619D88AA9003F9DCF /* _9RedBalloonsTests.swift */,
				283A6D4419D88AA9003F9DCF /* Supporting Files */,
			);
			path = 99RedBalloonsTests;
			sourceTree = "<group>";
		};
		283A6D4419D88AA9003F9DCF /* Supporting Files */ = {
			isa = PBXGroup;
			children = (
				283A6D4519D88AA9003F9DCF /* Info.plist */,
			);
			name = "Supporting Files";
			sourceTree = "<group>";
		};
/* End PBXGroup section */

/* Begin PBXNativeTarget section */
		283A6D2A19D88AA9003F9DCF /* 99RedBalloons */ = {
			isa = PBXNativeTarget;
			buildConfigurationList = 283A6D4A19D88AA9003F9DCF /* Build configuration list for PBXNativeTarget "99RedBalloons" */;
			buildPhases = (
				283A6D2719D88AA9003F9DCF /* Sources */,
				283A6D2819D88AA9003F9DCF /* Frameworks */,
				283A6D2919D88AA9003F9DCF /* Resources */,
			);
			buildRules = (
			);
			dependencies = (
			);
			name = 99RedBalloons;
			productName = 99RedBalloons;
			productReference = 283A6D2B19D88AA9003F9DCF /* 99RedBalloons.app */;
			productType = "com.apple.product-type.application";
		};
		283A6D3F19D88AA9003F9DCF /* 99RedBalloonsTests */ = {
			isa = PBXNativeTarget;
			buildConfigurationList = 283A6D4D19D88AA9003F9DCF /* Build configuration list for PBXNativeTarget "99RedBalloonsTests" */;
			buildPhases = (
				283A6D3C19D88AA9003F9DCF /* Sources */,
				283A6D3D19D88AA9003F9DCF /* Frameworks */,
				283A6D3E19D88AA9003F9DCF /* Resources */,
			);
			buildRules = (
			);
			dependencies = (
				283A6D4219D88AA9003F9DCF /* PBXTargetDependency */,
			);
			name = 99RedBalloonsTests;
			productName = 99RedBalloonsTests;
			productReference = 283A6D4019D88AA9003F9DCF /* 99RedBalloonsTests.xctest */;
			productType = "com.apple.product-type.bundle.unit-test";
		};
/* End PBXNativeTarget section */

/* Begin PBXProject section */
		283A6D2319D88AA9003F9DCF /* Project object */ = {
			isa = PBXProject;
			attributes = {
				LastUpgradeCheck = 0600;
				ORGANIZATIONNAME = "Charley Ma";
				TargetAttributes = {
					283A6D2A19D88AA9003F9DCF = {
						CreatedOnToolsVersion = 6.0;
					};
					283A6D3F19D88AA9003F9DCF = {
						CreatedOnToolsVersion = 6.0;
						TestTargetID = 283A6D2A19D88AA9003F9DCF;
					};
				};
			};
			buildConfigurationList = 283A6D2619D88AA9003F9DCF /* Build configuration list for PBXProject "99RedBalloons" */;
			compatibilityVersion = "Xcode 3.2";
			developmentRegion = English;
			hasScannedForEncodings = 0;
			knownRegions = (
				en,
				Base,
			);
			mainGroup = 283A6D2219D88AA9003F9DCF;
			productRefGroup = 283A6D2C19D88AA9003F9DCF /* Products */;
			projectDirPath = "";
			projectRoot = "";
			targets = (
				283A6D2A19D88AA9003F9DCF /* 99RedBalloons */,
				283A6D3F19D88AA9003F9DCF /* 99RedBalloonsTests */,
			);
		};
/* End PBXProject section */

/* Begin PBXResourcesBuildPhase section */
		283A6D2919D88AA9003F9DCF /* Resources */ = {
			isa = PBXResourcesBuildPhase;
			buildActionMask = 2147483647;
			files = (
				283A6D3619D88AA9003F9DCF /* Main.storyboard in Resources */,
				283A6D3B19D88AA9003F9DCF /* LaunchScreen.xib in Resources */,
				283A6D3819D88AA9003F9DCF /* Images.xcassets in Resources */,
			);
			runOnlyForDeploymentPostprocessing = 0;
		};
		283A6D3E19D88AA9003F9DCF /* Resources */ = {
			isa = PBXResourcesBuildPhase;
			buildActionMask = 2147483647;
			files = (
			);
			runOnlyForDeploymentPostprocessing = 0;
		};
/* End PBXResourcesBuildPhase section */

/* Begin PBXSourcesBuildPhase section */
		283A6D2719D88AA9003F9DCF /* Sources */ = {
			isa = PBXSourcesBuildPhase;
			buildActionMask = 2147483647;
			files = (
				283A6D3319D88AA9003F9DCF /* ViewController.swift in Sources */,
				283A6D3119D88AA9003F9DCF /* AppDelegate.swift in Sources */,
			);
			runOnlyForDeploymentPostprocessing = 0;
		};
		283A6D3C19D88AA9003F9DCF /* Sources */ = {
			isa = PBXSourcesBuildPhase;
			buildActionMask = 2147483647;
			files = (
				283A6D4719D88AA9003F9DCF /* _9RedBalloonsTests.swift in Sources */,
			);
			runOnlyForDeploymentPostprocessing = 0;
		};
/* End PBXSourcesBuildPhase section */

/* Begin PBXTargetDependency section */
		283A6D4219D88AA9003F9DCF /* PBXTargetDependency */ = {
			isa = PBXTargetDependency;
			target = 283A6D2A19D88AA9003F9DCF /* 99RedBalloons */;
			targetProxy = 283A6D4119D88AA9003F9DCF /* PBXContainerItemProxy */;
		};
/* End PBXTargetDependency section */

/* Begin PBXVariantGroup section */
		283A6D3419D88AA9003F9DCF /* Main.storyboard */ = {
			isa = PBXVariantGroup;
			children = (
				283A6D3519D88AA9003F9DCF /* Base */,
			);
			name = Main.storyboard;
			sourceTree = "<group>";
		};
		283A6D3919D88AA9003F9DCF /* LaunchScreen.xib */ = {
			isa = PBXVariantGroup;
			children = (
				283A6D3A19D88AA9003F9DCF /* Base */,
			);
			name = LaunchScreen.xib;
			sourceTree = "<group>";
		};
/* End PBXVariantGroup section */

/* Begin XCBuildConfiguration section */
		283A6D4819D88AA9003F9DCF /* Debug */ = {
			isa = XCBuildConfiguration;
			buildSettings = {
				ALWAYS_SEARCH_USER_PATHS = NO;
				CLANG_CXX_LANGUAGE_STANDARD = "gnu++0x";
				CLANG_CXX_LIBRARY = "libc++";
				CLANG_ENABLE_MODULES = YES;
				CLANG_ENABLE_OBJC_ARC = YES;
				CLANG_WARN_BOOL_CONVERSION = YES;
				CLANG_WARN_CONSTANT_CONVERSION = YES;
				CLANG_WARN_DIRECT_OBJC_ISA_USAGE = YES_ERROR;
				CLANG_WARN_EMPTY_BODY = YES;
				CLANG_WARN_ENUM_CONVERSION = YES;
				CLANG_WARN_INT_CONVERSION = YES;
				CLANG_WARN_OBJC_ROOT_CLASS = YES_ERROR;
				CLANG_WARN_UNREACHABLE_CODE = YES;
				CLANG_WARN__DUPLICATE_METHOD_MATCH = YES;
				"CODE_SIGN_IDENTITY[sdk=iphoneos*]" = "iPhone Developer";
				COPY_PHASE_STRIP = NO;
				ENABLE_STRICT_OBJC_MSGSEND = YES;
				GCC_C_LANGUAGE_STANDARD = gnu99;
				GCC_DYNAMIC_NO_PIC = NO;
				GCC_OPTIMIZATION_LEVEL = 0;
				GCC_PREPROCESSOR_DEFINITIONS = (
					"DEBUG=1",
					"$(inherited)",
				);
				GCC_SYMBOLS_PRIVATE_EXTERN = NO;
				GCC_WARN_64_TO_32_BIT_CONVERSION = YES;
				GCC_WARN_ABOUT_RETURN_TYPE = YES_ERROR;
				GCC_WARN_UNDECLARED_SELECTOR = YES;
				GCC_WARN_UNINITIALIZED_AUTOS = YES_AGGRESSIVE;
				GCC_WARN_UNUSED_FUNCTION = YES;
				GCC_WARN_UNUSED_VARIABLE = YES;
				IPHONEOS_DEPLOYMENT_TARGET = 8.0;
				MTL_ENABLE_DEBUG_INFO = YES;
				ONLY_ACTIVE_ARCH = YES;
				SDKROOT = iphoneos;
				SWIFT_OPTIMIZATION_LEVEL = "-Onone";
			};
			name = Debug;
		};
		283A6D4919D88AA9003F9DCF /* Release */ = {
			isa = XCBuildConfiguration;
			buildSettings = {
				ALWAYS_SEARCH_USER_PATHS = NO;
				CLANG_CXX_LANGUAGE_STANDARD = "gnu++0x";
				CLANG_CXX_LIBRARY = "libc++";
				CLANG_ENABLE_MODULES = YES;
				CLANG_ENABLE_OBJC_ARC = YES;
				CLANG_WARN_BOOL_CONVERSION = YES;
				CLANG_WARN_CONSTANT_CONVERSION = YES;
				CLANG_WARN_DIRECT_OBJC_ISA_USAGE = YES_ERROR;
				CLANG_WARN_EMPTY_BODY = YES;
				CLANG_WARN_ENUM_CONVERSION = YES;
				CLANG_WARN_INT_CONVERSION = YES;
				CLANG_WARN_OBJC_ROOT_CLASS = YES_ERROR;
				CLANG_WARN_UNREACHABLE_CODE = YES;
				CLANG_WARN__DUPLICATE_METHOD_MATCH = YES;
				"CODE_SIGN_IDENTITY[sdk=iphoneos*]" = "iPhone Developer";
				COPY_PHASE_STRIP = YES;
				ENABLE_NS_ASSERTIONS = NO;
				ENABLE_STRICT_OBJC_MSGSEND = YES;
				GCC_C_LANGUAGE_STANDARD = gnu99;
				GCC_WARN_64_TO_32_BIT_CONVERSION = YES;
				GCC_WARN_ABOUT_RETURN_TYPE = YES_ERROR;
				GCC_WARN_UNDECLARED_SELECTOR = YES;
				GCC_WARN_UNINITIALIZED_AUTOS = YES_AGGRESSIVE;
				GCC_WARN_UNUSED_FUNCTION = YES;
				GCC_WARN_UNUSED_VARIABLE = YES;
				IPHONEOS_DEPLOYMENT_TARGET = 8.0;
				MTL_ENABLE_DEBUG_INFO = NO;
				SDKROOT = iphoneos;
				VALIDATE_PRODUCT = YES;
			};
			name = Release;
		};
		283A6D4B19D88AA9003F9DCF /* Debug */ = {
			isa = XCBuildConfiguration;
			buildSettings = {
				ASSETCATALOG_COMPILER_APPICON_NAME = AppIcon;
				INFOPLIST_FILE = 99RedBalloons/Info.plist;
				LD_RUNPATH_SEARCH_PATHS = "$(inherited) @executable_path/Frameworks";
				PRODUCT_NAME = "$(TARGET_NAME)";
			};
			name = Debug;
		};
		283A6D4C19D88AA9003F9DCF /* Release */ = {
			isa = XCBuildConfiguration;
			buildSettings = {
				ASSETCATALOG_COMPILER_APPICON_NAME = AppIcon;
				INFOPLIST_FILE = 99RedBalloons/Info.plist;
				LD_RUNPATH_SEARCH_PATHS = "$(inherited) @executable_path/Frameworks";
				PRODUCT_NAME = "$(TARGET_NAME)";
			};
			name = Release;
		};
		283A6D4E19D88AA9003F9DCF /* Debug */ = {
			isa = XCBuildConfiguration;
			buildSettings = {
				BUNDLE_LOADER = "$(TEST_HOST)";
				FRAMEWORK_SEARCH_PATHS = (
					"$(SDKROOT)/Developer/Library/Frameworks",
					"$(inherited)",
				);
				GCC_PREPROCESSOR_DEFINITIONS = (
					"DEBUG=1",
					"$(inherited)",
				);
				INFOPLIST_FILE = 99RedBalloonsTests/Info.plist;
				LD_RUNPATH_SEARCH_PATHS = "$(inherited) @executable_path/Frameworks @loader_path/Frameworks";
				PRODUCT_NAME = "$(TARGET_NAME)";
				TEST_HOST = "$(BUILT_PRODUCTS_DIR)/99RedBalloons.app/99RedBalloons";
			};
			name = Debug;
		};
		283A6D4F19D88AA9003F9DCF /* Release */ = {
			isa = XCBuildConfiguration;
			buildSettings = {
				BUNDLE_LOADER = "$(TEST_HOST)";
				FRAMEWORK_SEARCH_PATHS = (
					"$(SDKROOT)/Developer/Library/Frameworks",
					"$(inherited)",
				);
				INFOPLIST_FILE = 99RedBalloonsTests/Info.plist;
				LD_RUNPATH_SEARCH_PATHS = "$(inherited) @executable_path/Frameworks @loader_path/Frameworks";
				PRODUCT_NAME = "$(TARGET_NAME)";
				TEST_HOST = "$(BUILT_PRODUCTS_DIR)/99RedBalloons.app/99RedBalloons";
			};
			name = Release;
		};
/* End XCBuildConfiguration section */

/* Begin XCConfigurationList section */
		283A6D2619D88AA9003F9DCF /* Build configuration list for PBXProject "99RedBalloons" */ = {
			isa = XCConfigurationList;
			buildConfigurations = (
				283A6D4819D88AA9003F9DCF /* Debug */,
				283A6D4919D88AA9003F9DCF /* Release */,
			);
			defaultConfigurationIsVisible = 0;
			defaultConfigurationName = Release;
		};
		283A6D4A19D88AA9003F9DCF /* Build configuration list for PBXNativeTarget "99RedBalloons" */ = {
			isa = XCConfigurationList;
			buildConfigurations = (
				283A6D4B19D88AA9003F9DCF /* Debug */,
				283A6D4C19D88AA9003F9DCF /* Release */,
			);
			defaultConfigurationIsVisible = 0;
		};
		283A6D4D19D88AA9003F9DCF /* Build configuration list for PBXNativeTarget "99RedBalloonsTests" */ = {
			isa = XCConfigurationList;
			buildConfigurations = (
				283A6D4E19D88AA9003F9DCF /* Debug */,
				283A6D4F19D88AA9003F9DCF /* Release */,
			);
			defaultConfigurationIsVisible = 0;
		};
/* End XCConfigurationList section */
	};
	rootObject = 283A6D2319D88AA9003F9DCF /* Project object */;
}
